
Microsoft Visual Studio Solution File, Format Version 12.00
# Visual Studio Version 16
VisualStudioVersion = 16.0.30011.22
MinimumVisualStudioVersion = 10.0.40219.1
Project("{9A19103F-16F7-4668-BE54-9A1E7A4F7556}") = "PersonPets.API", "PersonPets.API\PersonPets.API.csproj", "{3509723C-9F17-492B-AA2F-C102E235D511}"
EndProject
Project("{FAE04EC0-301F-11D3-BF4B-00C04F79EFBC}") = "PersonPets.Test", "PersonPets.Test\PersonPets.Test.csproj", "{414F8CA3-21A5-4F4D-9443-B7888813B20F}"
EndProject
Global
	GlobalSection(SolutionConfigurationPlatforms) = preSolution
		Debug|Any CPU = Debug|Any CPU
		Release|Any CPU = Release|Any CPU
	EndGlobalSection
	GlobalSection(ProjectConfigurationPlatforms) = postSolution
		{3509723C-9F17-492B-AA2F-C102E235D511}.Debug|Any CPU.ActiveCfg = Debug|Any CPU
		{3509723C-9F17-492B-AA2F-C102E235D511}.Debug|Any CPU.Build.0 = Debug|Any CPU
		{3509723C-9F17-492B-AA2F-C102E235D511}.Release|Any CPU.ActiveCfg = Release|Any CPU
		{3509723C-9F17-492B-AA2F-C102E235D511}.Release|Any CPU.Build.0 = Release|Any CPU
		{414F8CA3-21A5-4F4D-9443-B7888813B20F}.Debug|Any CPU.ActiveCfg = Debug|Any CPU
		{414F8CA3-21A5-4F4D-9443-B7888813B20F}.Debug|Any CPU.Build.0 = Debug|Any CPU
		{414F8CA3-21A5-4F4D-9443-B7888813B20F}.Release|Any CPU.ActiveCfg = Release|Any CPU
		{414F8CA3-21A5-4F4D-9443-B7888813B20F}.Release|Any CPU.Build.0 = Release|Any CPU
	EndGlobalSection
	GlobalSection(SolutionProperties) = preSolution
		HideSolutionNode = FALSE
	EndGlobalSection
	GlobalSection(ExtensibilityGlobals) = postSolution
		SolutionGuid = {2C9F4AE1-BA8D-407E-9C5B-DED305BA2676}
	EndGlobalSection
EndGlobal
